<?xml version="1.0" encoding="utf-8"?>
<Project ToolsVersion="4.0" xmlns="http://schemas.microsoft.com/developer/msbuild/2003">
  <ItemGroup>
    <Filter Include="source">
      <UniqueIdentifier>{2cb69da4-0334-4901-b4d0-9fe26b727c0f}</UniqueIdentifier>
      <Extensions>cpp;c;cxx;def;odl;idl;hpj;bat;asm</Extensions>
    </Filter>
    <Filter Include="include">
      <UniqueIdentifier>{9d05c8de-81b3-4365-a8f7-41ccda70b625}</UniqueIdentifier>
      <Extensions>h;hpp;hxx;hm;inl;inc</Extensions>
    </Filter>
    <Filter Include="resource">
      <UniqueIdentifier>{bc405f02-57b7-4552-a338-cdcb703ec205}</UniqueIdentifier>
      <Extensions>rc;ico;cur;bmp;dlg;rc2;rct;bin;rgs;jpg;jpeg;jpe;png;manifest</Extensions>
    </Filter>
  </ItemGroup>
  <ItemGroup>
    <None Include="win32\res\SpaceViking.ico">
      <Filter>resource</Filter>
    </None>
    <None Include="Resources\CloseSelected.png">
      <Filter>resource</Filter>
    </None>
    <None Include="Resources\CloseNormal.png">
      <Filter>resource</Filter>
    </None>
    <None Include="Resources\HelloWorld.png">
      <Filter>resource</Filter>
    </None>
    <None Include="Images\App Launch Images\Default-Landscape.png">
      <Filter>resource</Filter>
    </None>
    <None Include="Images\App Launch Images\Default-LandscapeLeft.png">
      <Filter>resource</Filter>
    </None>
    <None Include="Images\App Launch Images\Default-LandscapeRight.png">
      <Filter>resource</Filter>
    </None>
    <None Include="Images\App Launch Images\Default%402x.png">
      <Filter>resource</Filter>
    </None>
    <None Include="Images\App Launch Images\Default-Portrait.png">
      <Filter>resource</Filter>
    </None>
    <None Include="Images\App Launch Images\Default-PortraitUpsideDown.png">
      <Filter>resource</Filter>
    </None>
    <None Include="Images\App Launch Images\Default.png">
      <Filter>resource</Filter>
    </None>
    <None Include="Images\Backgrounds\.DS_Store" />
    <None Include="Images\Backgrounds\iPad Background\background.png">
      <Filter>resource</Filter>
    </None>
    <None Include="Images\Backgrounds\iPhone4 (retina) Background\backgroundiPhone-hd.png">
      <Filter>resource</Filter>
    </None>
    <None Include="Images\Backgrounds\iPhone (non-retina) Background\backgroundiPhone.png">
      <Filter>resource</Filter>
    </None>
    <None Include="Images\Backgrounds\iPhone4 (retina) Background\.DS_Store" />
    <None Include="Images\Icons\.DS_Store" />
    <None Include="Images\Icons\Icon%402x.png">
      <Filter>resource</Filter>
    </None>
    <None Include="Images\Icons\Icon-72.png">
      <Filter>resource</Filter>
    </None>
    <None Include="Images\Icons\Icon-Small-50.png">
      <Filter>resource</Filter>
    </None>
    <None Include="Images\Icons\Icon-Small.png">
      <Filter>resource</Filter>
    </None>
    <None Include="Images\Icons\Icon-Small%402x.png">
      <Filter>resource</Filter>
    </None>
    <None Include="Images\Icons\Icon.png">
      <Filter>resource</Filter>
    </None>
    <None Include="Images\sv_anim_1.png">
      <Filter>resource</Filter>
    </None>
    <None Include="Images\Intro\.DS_Store" />
    <None Include="Images\Intro\intro1.png">
      <Filter>resource</Filter>
    </None>
    <None Include="Images\Intro\intro2.png">
      <Filter>resource</Filter>
    </None>
    <None Include="Images\Intro\intro3.png">
      <Filter>resource</Filter>
    </None>
    <None Include="Images\Intro\intro4.png">
      <Filter>resource</Filter>
    </None>
    <None Include="Images\Intro\intro5.png">
      <Filter>resource</Filter>
    </None>
    <None Include="Images\Intro\intro6.png">
      <Filter>resource</Filter>
    </None>
    <None Include="Images\Intro\intro7.png">
      <Filter>resource</Filter>
    </None>
    <None Include="Images\Joystick\dpadDown-hd.png">
      <Filter>resource</Filter>
    </None>
    <None Include="Images\Joystick\dpadDown.png">
      <Filter>resource</Filter>
    </None>
    <None Include="Images\Joystick\dpadUp.png">
      <Filter>resource</Filter>
    </None>
    <None Include="Images\Joystick\handDown-hd.png">
      <Filter>resource</Filter>
    </None>
    <None Include="Images\Joystick\handDown.png">
      <Filter>resource</Filter>
    </None>
    <None Include="Images\Joystick\handUp-hd.png">
      <Filter>resource</Filter>
    </None>
    <None Include="Images\Joystick\handUp.png">
      <Filter>resource</Filter>
    </None>
    <None Include="Images\Joystick\joystickDown-hd.png">
      <Filter>resource</Filter>
    </None>
    <None Include="Images\Joystick\joystickDown.png">
      <Filter>resource</Filter>
    </None>
    <None Include="Images\Joystick\joystickUp.png">
      <Filter>resource</Filter>
    </None>
    <None Include="Images\Joystick\jumpDown-hd.png">
      <Filter>resource</Filter>
    </None>
    <None Include="Images\Joystick\jumpDown.png">
      <Filter>resource</Filter>
    </None>
    <None Include="Images\Joystick\jumpUp-hd.png">
      <Filter>resource</Filter>
    </None>
    <None Include="Images\Joystick\jumpUp.png">
      <Filter>resource</Filter>
    </None>
    <None Include="Images\.DS_Store" />
    <None Include="Images\scene1atlas.plist" />
    <None Include="Images\scene1atlas.png">
      <Filter>resource</Filter>
    </None>
    <None Include="Images\scene1atlasiPhone-hd.plist" />
    <None Include="Images\scene1atlasiPhone-hd.png">
      <Filter>resource</Filter>
    </None>
    <None Include="Images\scene1atlasiPhone.plist" />
    <None Include="Images\scene1atlasiPhone.png">
      <Filter>resource</Filter>
    </None>
    <None Include="Resources\backgroundiPhone.png">
      <Filter>resource</Filter>
    </None>
    <None Include="Resources\sv_anim_1.png">
      <Filter>resource</Filter>
    </None>
    <None Include="Resources\jumpDown.png">
      <Filter>resource</Filter>
    </None>
    <None Include="Resources\jumpUp.png">
      <Filter>resource</Filter>
    </None>
    <None Include="Resources\dpadDown.png">
      <Filter>resource</Filter>
    </None>
    <None Include="Resources\joystickDown.png">
      <Filter>resource</Filter>
    </None>
    <None Include="Resources\handUp.png">
      <Filter>resource</Filter>
    </None>
    <None Include="Resources\handDown.png">
      <Filter>resource</Filter>
    </None>
    <None Include="Plists\EnemyRobot.plist" />
    <None Include="Plists\Viking.plist" />
    <None Include="Plists\Health.plist" />
    <None Include="Plists\Mallet.plist" />
    <None Include="Plists\RadarDish.plist" />
    <None Include="Resources\an1_anim8.png">
      <Filter>resource</Filter>
    </None>
    <None Include="Resources\an1_anim1.png">
      <Filter>resource</Filter>
    </None>
    <None Include="Resources\an1_anim2.png">
      <Filter>resource</Filter>
    </None>
    <None Include="Resources\an1_anim3.png">
      <Filter>resource</Filter>
    </None>
    <None Include="Resources\an1_anim4.png">
      <Filter>resource</Filter>
    </None>
    <None Include="Resources\an1_anim5.png">
      <Filter>resource</Filter>
    </None>
    <None Include="Resources\an1_anim6.png">
      <Filter>resource</Filter>
    </None>
    <None Include="Resources\an1_anim7.png">
      <Filter>resource</Filter>
    </None>
    <None Include="Resources\scene1atlas.plist" />
    <None Include="Resources\scene1atlasiPhone.png">
      <Filter>resource</Filter>
    </None>
    <None Include="Resources\scene1atlas.png">
      <Filter>resource</Filter>
    </None>
    <None Include="Resources\scene1atlasiPhone-hd.plist" />
    <None Include="Resources\scene1atlasiPhone-hd.png">
      <Filter>resource</Filter>
    </None>
    <None Include="Resources\scene1atlasiPhone.plist" />
    <None Include="Resources\Plists\EnemyRobot.plist" />
    <None Include="Resources\Plists\Viking.plist" />
    <None Include="Resources\Plists\Health.plist" />
    <None Include="Resources\Plists\Mallet.plist" />
    <None Include="Resources\Plists\RadarDish.plist" />
  </ItemGroup>
  <ItemGroup>
    <ResourceCompile Include="win32\SpaceViking.rc">
      <Filter>resource</Filter>
    </ResourceCompile>
  </ItemGroup>
  <ItemGroup>
    <ClInclude Include="win32\resource.h">
      <Filter>include</Filter>
    </ClInclude>
    <ClInclude Include="win32\main.h">
      <Filter>include</Filter>
    </ClInclude>
    <ClInclude Include="Classes\HelloWorldScene.h">
      <Filter>include</Filter>
    </ClInclude>
    <ClInclude Include="Classes\JoystickClasses\SneakyButton.h">
      <Filter>include</Filter>
    </ClInclude>
    <ClInclude Include="Classes\JoystickClasses\SneakyButtonSkinnedBase.h">
      <Filter>include</Filter>
    </ClInclude>
    <ClInclude Include="Classes\JoystickClasses\SneakyJoystick.h">
      <Filter>include</Filter>
    </ClInclude>
    <ClInclude Include="Classes\JoystickClasses\SneakyJoystickSkinnedBase.h">
      <Filter>include</Filter>
    </ClInclude>
    <ClInclude Include="Classes\Scenes\GameScene.h">
      <Filter>include</Filter>
    </ClInclude>
    <ClInclude Include="Classes\Layers\GameplayLayer.h">
      <Filter>include</Filter>
    </ClInclude>
    <ClInclude Include="Classes\Layers\BackgroundLayer.h">
      <Filter>include</Filter>
    </ClInclude>
    <ClInclude Include="Classes\Singletons\AppDelegate.h">
      <Filter>include</Filter>
    </ClInclude>
    <ClInclude Include="Classes\Constants\Constants.h">
      <Filter>include</Filter>
    </ClInclude>
    <ClInclude Include="Classes\Constants\CommonProtocols.h">
      <Filter>include</Filter>
    </ClInclude>
    <ClInclude Include="Classes\GameObjects\GameObject.h">
      <Filter>include</Filter>
    </ClInclude>
    <ClInclude Include="Classes\Constants\StringSplit.h">
      <Filter>include</Filter>
    </ClInclude>
    <ClInclude Include="Classes\GameObjects\GameCharacter.h">
      <Filter>include</Filter>
    </ClInclude>
    <ClInclude Include="Classes\EnemyObjects\RadarDish.h">
      <Filter>include</Filter>
    </ClInclude>
    <ClInclude Include="Classes\GameObjects\Viking.h">
      <Filter>include</Filter>
    </ClInclude>
    <ClInclude Include="Classes\PowerUps\Mallet.h">
      <Filter>include</Filter>
    </ClInclude>
    <ClInclude Include="Classes\PowerUps\Health.h">
      <Filter>include</Filter>
    </ClInclude>
    <ClInclude Include="Classes\GameObjects\SpaceCargoShip.h">
      <Filter>include</Filter>
    </ClInclude>
  </ItemGroup>
  <ItemGroup>
    <ClCompile Include="win32\main.cpp">
      <Filter>source</Filter>
    </ClCompile>
    <ClCompile Include="Classes\HelloWorldScene.cpp">
      <Filter>source</Filter>
    </ClCompile>
    <ClCompile Include="Classes\JoystickClasses\SneakyButton.cpp">
      <Filter>source</Filter>
    </ClCompile>
    <ClCompile Include="Classes\JoystickClasses\SneakyButtonSkinnedBase.cpp">
      <Filter>source</Filter>
    </ClCompile>
    <ClCompile Include="Classes\JoystickClasses\SneakyJoystick.cpp">
      <Filter>source</Filter>
    </ClCompile>
    <ClCompile Include="Classes\JoystickClasses\SneakyJoystickSkinnedBase.cpp">
      <Filter>source</Filter>
    </ClCompile>
    <ClCompile Include="Classes\Scenes\GameScene.cpp">
      <Filter>source</Filter>
    </ClCompile>
    <ClCompile Include="Classes\Layers\GameplayLayer.cpp">
      <Filter>source</Filter>
    </ClCompile>
    <ClCompile Include="Classes\Layers\BackgroundLayer.cpp">
      <Filter>source</Filter>
    </ClCompile>
    <ClCompile Include="Classes\Singletons\AppDelegate.cpp">
      <Filter>source</Filter>
    </ClCompile>
    <ClCompile Include="Classes\GameObjects\GameObject.cpp">
      <Filter>source</Filter>
    </ClCompile>
    <ClCompile Include="Classes\GameObjects\GameCharacter.cpp">
      <Filter>source</Filter>
    </ClCompile>
    <ClCompile Include="Classes\Constants\StringSplit.cpp">
      <Filter>source</Filter>
    </ClCompile>
    <ClCompile Include="Classes\EnemyObjects\RadarDish.cpp">
      <Filter>source</Filter>
    </ClCompile>
    <ClCompile Include="Classes\GameObjects\Viking.cpp">
      <Filter>source</Filter>
    </ClCompile>
    <ClCompile Include="Classes\PowerUps\Mallet.cpp">
      <Filter>source</Filter>
    </ClCompile>
    <ClCompile Include="Classes\PowerUps\Health.cpp">
      <Filter>source</Filter>
    </ClCompile>
    <ClCompile Include="Classes\GameObjects\SpaceCargoShip.cpp">
      <Filter>source</Filter>
    </ClCompile>
  </ItemGroup>
</Project>